SITE
  remote: http://community.opscode.com/api/v1
  specs:
    apache2 (1.9.6)
      iptables (>= 0.0.0)
      logrotate (>= 0.0.0)
      pacman (>= 0.0.0)
    apt (1.10.0)
    aws (2.1.1)
    build-essential (1.4.4)
    chef_handler (1.1.5)
    cron (1.3.0)
    database (2.0.0)
      aws (>= 0.0.0)
      mysql (>= 1.3.0)
      postgresql (>= 1.0.0)
      xfs (>= 0.0.0)
    homebrew (1.5.4)
    iis (2.0.4)
      windows (>= 1.2.6)
    imagemagick (0.2.3)
    iptables (0.13.0)
    logrotate (1.5.0)
    mysql (4.1.2)
      build-essential (~> 1.4)
      homebrew (>= 0.0.0)
      openssl (~> 1.1)
      windows (>= 0.0.0)
    nodejs (1.3.0)
      apt (>= 0.0.0)
      build-essential (>= 0.0.0)
      yum (>= 0.0.0)
    ntp (1.6.2)
    openssl (1.1.0)
    pacman (1.1.1)
    php (1.4.6)
      build-essential (>= 0.0.0)
      iis (>= 0.0.0)
      mysql (>= 0.0.0)
      windows (>= 0.0.0)
      xml (>= 0.0.0)
      yum-epel (>= 0.0.0)
    postgresql (3.3.4)
      apt (>= 0.0.0)
      build-essential (>= 0.0.0)
      openssl (>= 0.0.0)
    runit (1.5.10)
      build-essential (>= 0.0.0)
      yum (~> 3.0)
      yum-epel (>= 0.0.0)
    timezone (0.0.1)
    windows (1.30.0)
      chef_handler (>= 0.0.0)
    xfs (1.1.0)
    xml (1.2.2)
      build-essential (>= 0.0.0)
    yum (3.1.4)
    yum-epel (0.3.4)
      yum (~> 3.0)

GIT
  remote: git://github.com/opscode-cookbooks/vim.git
  ref: master
  sha: 858a24f745d3f7e13daca5ba918861d31401e0bf
  specs:
    vim (1.1.3)

GIT
  remote: https://github.com/fnichol/chef-git.git
  ref: master
  sha: 6c19cbefcdad5ec0f62a64dae1f656d660698ea3
  specs:
    git (0.9.0)
      runit (>= 0.0.0)

GIT
  remote: https://github.com/fred/fredz_cookbooks
  ref: master
  sha: 62ab8d3de6fa89008be6dd02d23e70bf9904c454
  specs:
    networking_basic (0.0.7)

GIT
  remote: https://github.com/irnnr/chef-typo3
  ref: master
  sha: 916cc618397af4ba1430be003ebae045fec1f6b0
  specs:
    typo3 (0.6.0)
      apache2 (>= 0.0.0)
      cron (>= 0.0.0)
      database (>= 0.0.0)
      mysql (>= 0.0.0)
      php (>= 0.0.0)

GIT
  remote: https://github.com/jondot/graphicsmagick_cookbook
  ref: master
  sha: c95ce08c564cdde32f29ecfbcc5d5753fc01490f
  specs:
    graphicsmagick (0.1.0)

GIT
  remote: https://github.com/shingara/oh-my-zsh-chef.git
  ref: master
  sha: 9ac6131c041f0dc55f80ccdeb23356c1105995a8
  specs:
    oh_my_zsh (0.0.1)
      git (>= 0.0.0)

DEPENDENCIES
  apache2 (>= 0)
  apt (= 1.10.0)
  build-essential (>= 0)
  database (>= 0)
  git (>= 0)
  graphicsmagick (>= 0)
  imagemagick (>= 0)
  mysql (>= 0)
  mysql (>= 0)
  networking_basic (>= 0)
  nodejs (>= 0)
  ntp (>= 0)
  oh_my_zsh (>= 0)
  php (>= 0)
  timezone (= 0.0.1)
  typo3 (>= 0)
  vim (>= 0)

